
Microsoft Visual Studio Solution File, Format Version 12.00
Project("{FAE04EC0-301F-11D3-BF4B-00C04F79EFBC}") = "NativeCIL", "NativeCIL\NativeCIL.csproj", "{271FD6C2-06EF-4DC5-A02E-A19D46E84D3B}"
EndProject
Project("{FAE04EC0-301F-11D3-BF4B-00C04F79EFBC}") = "TestProject", "TestProject\TestProject.csproj", "{9F2D9216-313C-41B1-A78F-53809EEA87AE}"
EndProject
Global
	GlobalSection(SolutionConfigurationPlatforms) = preSolution
		Release|x64 = Release|x64
		Debug|x64 = Debug|x64
	EndGlobalSection
	GlobalSection(ProjectConfigurationPlatforms) = postSolution
		{271FD6C2-06EF-4DC5-A02E-A19D46E84D3B}.Release|x64.ActiveCfg = Release|x64
		{271FD6C2-06EF-4DC5-A02E-A19D46E84D3B}.Release|x64.Build.0 = Release|x64
		{271FD6C2-06EF-4DC5-A02E-A19D46E84D3B}.Debug|x64.ActiveCfg = Debug|x64
		{271FD6C2-06EF-4DC5-A02E-A19D46E84D3B}.Debug|x64.Build.0 = Debug|x64
		{9F2D9216-313C-41B1-A78F-53809EEA87AE}.Release|x64.ActiveCfg = Release|x64
		{9F2D9216-313C-41B1-A78F-53809EEA87AE}.Release|x64.Build.0 = Release|x64
		{9F2D9216-313C-41B1-A78F-53809EEA87AE}.Debug|x64.ActiveCfg = Debug|x64
		{9F2D9216-313C-41B1-A78F-53809EEA87AE}.Debug|x64.Build.0 = Debug|x64
	EndGlobalSection
EndGlobal
